{
    "hash": "99b78296d26620b4a65d135dba89156c",
    "packages": [
        {
            "package": "cordoval/phpspec",
            "version": "dev-master",
            "source-reference": "4dd4e433088dcb669f335a78e4b687f2eea08759",
            "commit-date": "1339076508"
        },
        {
            "package": "mockery/mockery",
            "version": "0.7.2"
        }
    ],
    "packages-dev": null,
    "aliases": [

    ],
    "minimum-stability": "stable",
    "stability-flags": {
        "cordoval/phpspec": 20
    }
}
